Microsoft Visual Studio Solution File, Format Version 12.00
# Visual Studio Version 17
VisualStudioVersion = 17.10.34916.94
MinimumVisualStudioVersion = 10.0.40219.1
Project("{FAE04EC0-301F-11D3-BF4B-00C04F79EFBC}") = "Jellyfin.Plugin.Imageprovider", "Jellyfin.Plugin.Imageprovider\Jellyfin.Plugin.Imageprovider.csproj", "{14D96703-B889-4C67-88DB-1A2BFD1CBF19}"
EndProject
Global
	GlobalSection(SolutionConfigurationPlatforms) = preSolution
		Debug|Any CPU = Debug|Any CPU
		Release|Any CPU = Release|Any CPU
	EndGlobalSection
	GlobalSection(ProjectConfigurationPlatforms) = postSolution
		{14D96703-B889-4C67-88DB-1A2BFD1CBF19}.Debug|Any CPU.ActiveCfg = Debug|Any CPU
		{14D96703-B889-4C67-88DB-1A2BFD1CBF19}.Debug|Any CPU.Build.0 = Debug|Any CPU
		{14D96703-B889-4C67-88DB-1A2BFD1CBF19}.Release|Any CPU.ActiveCfg = Release|Any CPU
		{14D96703-B889-4C67-88DB-1A2BFD1CBF19}.Release|Any CPU.Build.0 = Release|Any CPU
	EndGlobalSection
EndGlobal
